
Microsoft Visual Studio Solution File, Format Version 12.00
# Visual Studio 15
VisualStudioVersion = 15.0.27130.2010
MinimumVisualStudioVersion = 10.0.40219.1
Project("{9A19103F-16F7-4668-BE54-9A1E7A4F7556}") = "ReactiveApp.Core", "src\ReactiveApp.Core\ReactiveApp.Core.csproj", "{DC3ACD79-F786-495D-B0FF-2C8E663175E9}"
EndProject
Project("{9A19103F-16F7-4668-BE54-9A1E7A4F7556}") = "ReactiveApp.UI", "src\ReactiveApp.UI\ReactiveApp.UI.csproj", "{AFD4AF68-E5AA-4907-8275-1039FE89AF85}"
EndProject
Project("{FAE04EC0-301F-11D3-BF4B-00C04F79EFBC}") = "ReactiveApp.Droid", "src\ReactiveApp.Droid\ReactiveApp.Droid.csproj", "{3148BD78-3004-4321-B45C-83FC28567839}"
EndProject
Project("{FAE04EC0-301F-11D3-BF4B-00C04F79EFBC}") = "ReactiveApp.iOS", "src\ReactiveApp.iOS\ReactiveApp.iOS.csproj", "{8B5DA347-D93A-46E2-A557-6C800CD4CFFE}"
EndProject
Project("{9A19103F-16F7-4668-BE54-9A1E7A4F7556}") = "ReactiveApp.Core.Test", "test\ReactiveApp.Core.Test\ReactiveApp.Core.Test.csproj", "{145AAF8E-C1E2-4B93-A108-12AC76F2C85D}"
EndProject
Project("{2150E333-8FDC-42A3-9474-1A3956D46DE8}") = "Tests", "Tests", "{EB8FEAD7-C678-495F-8271-232ED3C9E1CE}"
EndProject
Project("{2150E333-8FDC-42A3-9474-1A3956D46DE8}") = "!Solution Items", "!Solution Items", "{8411D613-61B0-4F17-8EA3-D3786929446D}"
	ProjectSection(SolutionItems) = preProject
		.editorconfig = .editorconfig
	EndProjectSection
EndProject
Project("{FAE04EC0-301F-11D3-BF4B-00C04F79EFBC}") = "ReactiveApp.Common", "src\ReactiveApp.Common\ReactiveApp.Common.csproj", "{B0286649-3598-437E-8A57-80ACEFF80AD1}"
EndProject
Global
	GlobalSection(SolutionConfigurationPlatforms) = preSolution
		Debug|Any CPU = Debug|Any CPU
		Debug|ARM = Debug|ARM
		Debug|iPhone = Debug|iPhone
		Debug|iPhoneSimulator = Debug|iPhoneSimulator
		Debug|x64 = Debug|x64
		Debug|x86 = Debug|x86
		Release|Any CPU = Release|Any CPU
		Release|ARM = Release|ARM
		Release|iPhone = Release|iPhone
		Release|iPhoneSimulator = Release|iPhoneSimulator
		Release|x64 = Release|x64
		Release|x86 = Release|x86
		Staging|Any CPU = Staging|Any CPU
		Staging|ARM = Staging|ARM
		Staging|iPhone = Staging|iPhone
		Staging|iPhoneSimulator = Staging|iPhoneSimulator
		Staging|x64 = Staging|x64
		Staging|x86 = Staging|x86
	EndGlobalSection
	GlobalSection(ProjectConfigurationPlatforms) = postSolution
		{DC3ACD79-F786-495D-B0FF-2C8E663175E9}.Debug|Any CPU.ActiveCfg = Debug|Any CPU
		{DC3ACD79-F786-495D-B0FF-2C8E663175E9}.Debug|Any CPU.Build.0 = Debug|Any CPU
		{DC3ACD79-F786-495D-B0FF-2C8E663175E9}.Debug|ARM.ActiveCfg = Debug|Any CPU
		{DC3ACD79-F786-495D-B0FF-2C8E663175E9}.Debug|ARM.Build.0 = Debug|Any CPU
		{DC3ACD79-F786-495D-B0FF-2C8E663175E9}.Debug|iPhone.ActiveCfg = Debug|Any CPU
		{DC3ACD79-F786-495D-B0FF-2C8E663175E9}.Debug|iPhone.Build.0 = Debug|Any CPU
		{DC3ACD79-F786-495D-B0FF-2C8E663175E9}.Debug|iPhoneSimulator.ActiveCfg = Debug|Any CPU
		{DC3ACD79-F786-495D-B0FF-2C8E663175E9}.Debug|iPhoneSimulator.Build.0 = Debug|Any CPU
		{DC3ACD79-F786-495D-B0FF-2C8E663175E9}.Debug|x64.ActiveCfg = Debug|Any CPU
		{DC3ACD79-F786-495D-B0FF-2C8E663175E9}.Debug|x64.Build.0 = Debug|Any CPU
		{DC3ACD79-F786-495D-B0FF-2C8E663175E9}.Debug|x86.ActiveCfg = Debug|Any CPU
		{DC3ACD79-F786-495D-B0FF-2C8E663175E9}.Debug|x86.Build.0 = Debug|Any CPU
		{DC3ACD79-F786-495D-B0FF-2C8E663175E9}.Release|Any CPU.ActiveCfg = Release|Any CPU
		{DC3ACD79-F786-495D-B0FF-2C8E663175E9}.Release|Any CPU.Build.0 = Release|Any CPU
		{DC3ACD79-F786-495D-B0FF-2C8E663175E9}.Release|ARM.ActiveCfg = Release|Any CPU
		{DC3ACD79-F786-495D-B0FF-2C8E663175E9}.Release|ARM.Build.0 = Release|Any CPU
		{DC3ACD79-F786-495D-B0FF-2C8E663175E9}.Release|iPhone.ActiveCfg = Release|Any CPU
		{DC3ACD79-F786-495D-B0FF-2C8E663175E9}.Release|iPhone.Build.0 = Release|Any CPU
		{DC3ACD79-F786-495D-B0FF-2C8E663175E9}.Release|iPhoneSimulator.ActiveCfg = Release|Any CPU
		{DC3ACD79-F786-495D-B0FF-2C8E663175E9}.Release|iPhoneSimulator.Build.0 = Release|Any CPU
		{DC3ACD79-F786-495D-B0FF-2C8E663175E9}.Release|x64.ActiveCfg = Release|Any CPU
		{DC3ACD79-F786-495D-B0FF-2C8E663175E9}.Release|x64.Build.0 = Release|Any CPU
		{DC3ACD79-F786-495D-B0FF-2C8E663175E9}.Release|x86.ActiveCfg = Release|Any CPU
		{DC3ACD79-F786-495D-B0FF-2C8E663175E9}.Release|x86.Build.0 = Release|Any CPU
		{DC3ACD79-F786-495D-B0FF-2C8E663175E9}.Staging|Any CPU.ActiveCfg = Staging|Any CPU
		{DC3ACD79-F786-495D-B0FF-2C8E663175E9}.Staging|Any CPU.Build.0 = Staging|Any CPU
		{DC3ACD79-F786-495D-B0FF-2C8E663175E9}.Staging|ARM.ActiveCfg = Staging|Any CPU
		{DC3ACD79-F786-495D-B0FF-2C8E663175E9}.Staging|ARM.Build.0 = Staging|Any CPU
		{DC3ACD79-F786-495D-B0FF-2C8E663175E9}.Staging|iPhone.ActiveCfg = Staging|Any CPU
		{DC3ACD79-F786-495D-B0FF-2C8E663175E9}.Staging|iPhone.Build.0 = Staging|Any CPU
		{DC3ACD79-F786-495D-B0FF-2C8E663175E9}.Staging|iPhoneSimulator.ActiveCfg = Staging|Any CPU
		{DC3ACD79-F786-495D-B0FF-2C8E663175E9}.Staging|iPhoneSimulator.Build.0 = Staging|Any CPU
		{DC3ACD79-F786-495D-B0FF-2C8E663175E9}.Staging|x64.ActiveCfg = Staging|Any CPU
		{DC3ACD79-F786-495D-B0FF-2C8E663175E9}.Staging|x64.Build.0 = Staging|Any CPU
		{DC3ACD79-F786-495D-B0FF-2C8E663175E9}.Staging|x86.ActiveCfg = Staging|Any CPU
		{DC3ACD79-F786-495D-B0FF-2C8E663175E9}.Staging|x86.Build.0 = Staging|Any CPU
		{AFD4AF68-E5AA-4907-8275-1039FE89AF85}.Debug|Any CPU.ActiveCfg = Debug|Any CPU
		{AFD4AF68-E5AA-4907-8275-1039FE89AF85}.Debug|Any CPU.Build.0 = Debug|Any CPU
		{AFD4AF68-E5AA-4907-8275-1039FE89AF85}.Debug|ARM.ActiveCfg = Debug|Any CPU
		{AFD4AF68-E5AA-4907-8275-1039FE89AF85}.Debug|ARM.Build.0 = Debug|Any CPU
		{AFD4AF68-E5AA-4907-8275-1039FE89AF85}.Debug|iPhone.ActiveCfg = Debug|Any CPU
		{AFD4AF68-E5AA-4907-8275-1039FE89AF85}.Debug|iPhone.Build.0 = Debug|Any CPU
		{AFD4AF68-E5AA-4907-8275-1039FE89AF85}.Debug|iPhoneSimulator.ActiveCfg = Debug|Any CPU
		{AFD4AF68-E5AA-4907-8275-1039FE89AF85}.Debug|iPhoneSimulator.Build.0 = Debug|Any CPU
		{AFD4AF68-E5AA-4907-8275-1039FE89AF85}.Debug|x64.ActiveCfg = Debug|Any CPU
		{AFD4AF68-E5AA-4907-8275-1039FE89AF85}.Debug|x64.Build.0 = Debug|Any CPU
		{AFD4AF68-E5AA-4907-8275-1039FE89AF85}.Debug|x86.ActiveCfg = Debug|Any CPU
		{AFD4AF68-E5AA-4907-8275-1039FE89AF85}.Debug|x86.Build.0 = Debug|Any CPU
		{AFD4AF68-E5AA-4907-8275-1039FE89AF85}.Release|Any CPU.ActiveCfg = Release|Any CPU
		{AFD4AF68-E5AA-4907-8275-1039FE89AF85}.Release|Any CPU.Build.0 = Release|Any CPU
		{AFD4AF68-E5AA-4907-8275-1039FE89AF85}.Release|ARM.ActiveCfg = Release|Any CPU
		{AFD4AF68-E5AA-4907-8275-1039FE89AF85}.Release|ARM.Build.0 = Release|Any CPU
		{AFD4AF68-E5AA-4907-8275-1039FE89AF85}.Release|iPhone.ActiveCfg = Release|Any CPU
		{AFD4AF68-E5AA-4907-8275-1039FE89AF85}.Release|iPhone.Build.0 = Release|Any CPU
		{AFD4AF68-E5AA-4907-8275-1039FE89AF85}.Release|iPhoneSimulator.ActiveCfg = Release|Any CPU
		{AFD4AF68-E5AA-4907-8275-1039FE89AF85}.Release|iPhoneSimulator.Build.0 = Release|Any CPU
		{AFD4AF68-E5AA-4907-8275-1039FE89AF85}.Release|x64.ActiveCfg = Release|Any CPU
		{AFD4AF68-E5AA-4907-8275-1039FE89AF85}.Release|x64.Build.0 = Release|Any CPU
		{AFD4AF68-E5AA-4907-8275-1039FE89AF85}.Release|x86.ActiveCfg = Release|Any CPU
		{AFD4AF68-E5AA-4907-8275-1039FE89AF85}.Release|x86.Build.0 = Release|Any CPU
		{AFD4AF68-E5AA-4907-8275-1039FE89AF85}.Staging|Any CPU.ActiveCfg = Staging|Any CPU
		{AFD4AF68-E5AA-4907-8275-1039FE89AF85}.Staging|Any CPU.Build.0 = Staging|Any CPU
		{AFD4AF68-E5AA-4907-8275-1039FE89AF85}.Staging|ARM.ActiveCfg = Staging|Any CPU
		{AFD4AF68-E5AA-4907-8275-1039FE89AF85}.Staging|ARM.Build.0 = Staging|Any CPU
		{AFD4AF68-E5AA-4907-8275-1039FE89AF85}.Staging|iPhone.ActiveCfg = Staging|Any CPU
		{AFD4AF68-E5AA-4907-8275-1039FE89AF85}.Staging|iPhone.Build.0 = Staging|Any CPU
		{AFD4AF68-E5AA-4907-8275-1039FE89AF85}.Staging|iPhoneSimulator.ActiveCfg = Staging|Any CPU
		{AFD4AF68-E5AA-4907-8275-1039FE89AF85}.Staging|iPhoneSimulator.Build.0 = Staging|Any CPU
		{AFD4AF68-E5AA-4907-8275-1039FE89AF85}.Staging|x64.ActiveCfg = Staging|Any CPU
		{AFD4AF68-E5AA-4907-8275-1039FE89AF85}.Staging|x64.Build.0 = Staging|Any CPU
		{AFD4AF68-E5AA-4907-8275-1039FE89AF85}.Staging|x86.ActiveCfg = Staging|Any CPU
		{AFD4AF68-E5AA-4907-8275-1039FE89AF85}.Staging|x86.Build.0 = Staging|Any CPU
		{3148BD78-3004-4321-B45C-83FC28567839}.Debug|Any CPU.ActiveCfg = Debug|Any CPU
		{3148BD78-3004-4321-B45C-83FC28567839}.Debug|Any CPU.Build.0 = Debug|Any CPU
		{3148BD78-3004-4321-B45C-83FC28567839}.Debug|Any CPU.Deploy.0 = Debug|Any CPU
		{3148BD78-3004-4321-B45C-83FC28567839}.Debug|ARM.ActiveCfg = Debug|Any CPU
		{3148BD78-3004-4321-B45C-83FC28567839}.Debug|ARM.Build.0 = Debug|Any CPU
		{3148BD78-3004-4321-B45C-83FC28567839}.Debug|ARM.Deploy.0 = Debug|Any CPU
		{3148BD78-3004-4321-B45C-83FC28567839}.Debug|iPhone.ActiveCfg = Debug|Any CPU
		{3148BD78-3004-4321-B45C-83FC28567839}.Debug|iPhone.Build.0 = Debug|Any CPU
		{3148BD78-3004-4321-B45C-83FC28567839}.Debug|iPhone.Deploy.0 = Debug|Any CPU
		{3148BD78-3004-4321-B45C-83FC28567839}.Debug|iPhoneSimulator.ActiveCfg = Debug|Any CPU
		{3148BD78-3004-4321-B45C-83FC28567839}.Debug|iPhoneSimulator.Build.0 = Debug|Any CPU
		{3148BD78-3004-4321-B45C-83FC28567839}.Debug|iPhoneSimulator.Deploy.0 = Debug|Any CPU
		{3148BD78-3004-4321-B45C-83FC28567839}.Debug|x64.ActiveCfg = Debug|Any CPU
		{3148BD78-3004-4321-B45C-83FC28567839}.Debug|x64.Build.0 = Debug|Any CPU
		{3148BD78-3004-4321-B45C-83FC28567839}.Debug|x64.Deploy.0 = Debug|Any CPU
		{3148BD78-3004-4321-B45C-83FC28567839}.Debug|x86.ActiveCfg = Debug|Any CPU
		{3148BD78-3004-4321-B45C-83FC28567839}.Debug|x86.Build.0 = Debug|Any CPU
		{3148BD78-3004-4321-B45C-83FC28567839}.Debug|x86.Deploy.0 = Debug|Any CPU
		{3148BD78-3004-4321-B45C-83FC28567839}.Release|Any CPU.ActiveCfg = Release|Any CPU
		{3148BD78-3004-4321-B45C-83FC28567839}.Release|Any CPU.Build.0 = Release|Any CPU
		{3148BD78-3004-4321-B45C-83FC28567839}.Release|Any CPU.Deploy.0 = Release|Any CPU
		{3148BD78-3004-4321-B45C-83FC28567839}.Release|ARM.ActiveCfg = Release|Any CPU
		{3148BD78-3004-4321-B45C-83FC28567839}.Release|ARM.Build.0 = Release|Any CPU
		{3148BD78-3004-4321-B45C-83FC28567839}.Release|ARM.Deploy.0 = Release|Any CPU
		{3148BD78-3004-4321-B45C-83FC28567839}.Release|iPhone.ActiveCfg = Release|Any CPU
		{3148BD78-3004-4321-B45C-83FC28567839}.Release|iPhone.Build.0 = Release|Any CPU
		{3148BD78-3004-4321-B45C-83FC28567839}.Release|iPhone.Deploy.0 = Release|Any CPU
		{3148BD78-3004-4321-B45C-83FC28567839}.Release|iPhoneSimulator.ActiveCfg = Release|Any CPU
		{3148BD78-3004-4321-B45C-83FC28567839}.Release|iPhoneSimulator.Build.0 = Release|Any CPU
		{3148BD78-3004-4321-B45C-83FC28567839}.Release|iPhoneSimulator.Deploy.0 = Release|Any CPU
		{3148BD78-3004-4321-B45C-83FC28567839}.Release|x64.ActiveCfg = Release|Any CPU
		{3148BD78-3004-4321-B45C-83FC28567839}.Release|x64.Build.0 = Release|Any CPU
		{3148BD78-3004-4321-B45C-83FC28567839}.Release|x64.Deploy.0 = Release|Any CPU
		{3148BD78-3004-4321-B45C-83FC28567839}.Release|x86.ActiveCfg = Release|Any CPU
		{3148BD78-3004-4321-B45C-83FC28567839}.Release|x86.Build.0 = Release|Any CPU
		{3148BD78-3004-4321-B45C-83FC28567839}.Release|x86.Deploy.0 = Release|Any CPU
		{3148BD78-3004-4321-B45C-83FC28567839}.Staging|Any CPU.ActiveCfg = Staging|Any CPU
		{3148BD78-3004-4321-B45C-83FC28567839}.Staging|Any CPU.Build.0 = Staging|Any CPU
		{3148BD78-3004-4321-B45C-83FC28567839}.Staging|Any CPU.Deploy.0 = Staging|Any CPU
		{3148BD78-3004-4321-B45C-83FC28567839}.Staging|ARM.ActiveCfg = Staging|Any CPU
		{3148BD78-3004-4321-B45C-83FC28567839}.Staging|ARM.Build.0 = Staging|Any CPU
		{3148BD78-3004-4321-B45C-83FC28567839}.Staging|ARM.Deploy.0 = Staging|Any CPU
		{3148BD78-3004-4321-B45C-83FC28567839}.Staging|iPhone.ActiveCfg = Staging|Any CPU
		{3148BD78-3004-4321-B45C-83FC28567839}.Staging|iPhone.Build.0 = Staging|Any CPU
		{3148BD78-3004-4321-B45C-83FC28567839}.Staging|iPhone.Deploy.0 = Staging|Any CPU
		{3148BD78-3004-4321-B45C-83FC28567839}.Staging|iPhoneSimulator.ActiveCfg = Staging|Any CPU
		{3148BD78-3004-4321-B45C-83FC28567839}.Staging|iPhoneSimulator.Build.0 = Staging|Any CPU
		{3148BD78-3004-4321-B45C-83FC28567839}.Staging|iPhoneSimulator.Deploy.0 = Staging|Any CPU
		{3148BD78-3004-4321-B45C-83FC28567839}.Staging|x64.ActiveCfg = Staging|Any CPU
		{3148BD78-3004-4321-B45C-83FC28567839}.Staging|x64.Build.0 = Staging|Any CPU
		{3148BD78-3004-4321-B45C-83FC28567839}.Staging|x64.Deploy.0 = Staging|Any CPU
		{3148BD78-3004-4321-B45C-83FC28567839}.Staging|x86.ActiveCfg = Staging|Any CPU
		{3148BD78-3004-4321-B45C-83FC28567839}.Staging|x86.Build.0 = Staging|Any CPU
		{3148BD78-3004-4321-B45C-83FC28567839}.Staging|x86.Deploy.0 = Staging|Any CPU
		{8B5DA347-D93A-46E2-A557-6C800CD4CFFE}.Debug|Any CPU.ActiveCfg = Debug|iPhone
		{8B5DA347-D93A-46E2-A557-6C800CD4CFFE}.Debug|Any CPU.Build.0 = Debug|iPhone
		{8B5DA347-D93A-46E2-A557-6C800CD4CFFE}.Debug|ARM.ActiveCfg = Debug|iPhone
		{8B5DA347-D93A-46E2-A557-6C800CD4CFFE}.Debug|iPhone.ActiveCfg = Debug|iPhone
		{8B5DA347-D93A-46E2-A557-6C800CD4CFFE}.Debug|iPhone.Build.0 = Debug|iPhone
		{8B5DA347-D93A-46E2-A557-6C800CD4CFFE}.Debug|iPhone.Deploy.0 = Debug|iPhone
		{8B5DA347-D93A-46E2-A557-6C800CD4CFFE}.Debug|iPhoneSimulator.ActiveCfg = Debug|iPhoneSimulator
		{8B5DA347-D93A-46E2-A557-6C800CD4CFFE}.Debug|iPhoneSimulator.Build.0 = Debug|iPhoneSimulator
		{8B5DA347-D93A-46E2-A557-6C800CD4CFFE}.Debug|iPhoneSimulator.Deploy.0 = Debug|iPhoneSimulator
		{8B5DA347-D93A-46E2-A557-6C800CD4CFFE}.Debug|x64.ActiveCfg = Debug|iPhone
		{8B5DA347-D93A-46E2-A557-6C800CD4CFFE}.Debug|x86.ActiveCfg = Debug|iPhone
		{8B5DA347-D93A-46E2-A557-6C800CD4CFFE}.Release|Any CPU.ActiveCfg = Release|iPhone
		{8B5DA347-D93A-46E2-A557-6C800CD4CFFE}.Release|ARM.ActiveCfg = Release|iPhone
		{8B5DA347-D93A-46E2-A557-6C800CD4CFFE}.Release|iPhone.ActiveCfg = Release|iPhone
		{8B5DA347-D93A-46E2-A557-6C800CD4CFFE}.Release|iPhone.Build.0 = Release|iPhone
		{8B5DA347-D93A-46E2-A557-6C800CD4CFFE}.Release|iPhone.Deploy.0 = Release|iPhone
		{8B5DA347-D93A-46E2-A557-6C800CD4CFFE}.Release|iPhoneSimulator.ActiveCfg = Release|iPhoneSimulator
		{8B5DA347-D93A-46E2-A557-6C800CD4CFFE}.Release|iPhoneSimulator.Build.0 = Release|iPhoneSimulator
		{8B5DA347-D93A-46E2-A557-6C800CD4CFFE}.Release|iPhoneSimulator.Deploy.0 = Release|iPhoneSimulator
		{8B5DA347-D93A-46E2-A557-6C800CD4CFFE}.Release|x64.ActiveCfg = Release|iPhone
		{8B5DA347-D93A-46E2-A557-6C800CD4CFFE}.Release|x86.ActiveCfg = Release|iPhone
		{8B5DA347-D93A-46E2-A557-6C800CD4CFFE}.Staging|Any CPU.ActiveCfg = Staging|iPhone
		{8B5DA347-D93A-46E2-A557-6C800CD4CFFE}.Staging|ARM.ActiveCfg = Staging|iPhone
		{8B5DA347-D93A-46E2-A557-6C800CD4CFFE}.Staging|iPhone.ActiveCfg = Staging|iPhone
		{8B5DA347-D93A-46E2-A557-6C800CD4CFFE}.Staging|iPhone.Build.0 = Staging|iPhone
		{8B5DA347-D93A-46E2-A557-6C800CD4CFFE}.Staging|iPhoneSimulator.ActiveCfg = Staging|iPhoneSimulator
		{8B5DA347-D93A-46E2-A557-6C800CD4CFFE}.Staging|iPhoneSimulator.Build.0 = Staging|iPhoneSimulator
		{8B5DA347-D93A-46E2-A557-6C800CD4CFFE}.Staging|x64.ActiveCfg = Staging|iPhone
		{8B5DA347-D93A-46E2-A557-6C800CD4CFFE}.Staging|x86.ActiveCfg = Staging|iPhone
		{145AAF8E-C1E2-4B93-A108-12AC76F2C85D}.Debug|Any CPU.ActiveCfg = Debug|Any CPU
		{145AAF8E-C1E2-4B93-A108-12AC76F2C85D}.Debug|Any CPU.Build.0 = Debug|Any CPU
		{145AAF8E-C1E2-4B93-A108-12AC76F2C85D}.Debug|ARM.ActiveCfg = Debug|Any CPU
		{145AAF8E-C1E2-4B93-A108-12AC76F2C85D}.Debug|ARM.Build.0 = Debug|Any CPU
		{145AAF8E-C1E2-4B93-A108-12AC76F2C85D}.Debug|iPhone.ActiveCfg = Debug|Any CPU
		{145AAF8E-C1E2-4B93-A108-12AC76F2C85D}.Debug|iPhone.Build.0 = Debug|Any CPU
		{145AAF8E-C1E2-4B93-A108-12AC76F2C85D}.Debug|iPhoneSimulator.ActiveCfg = Debug|Any CPU
		{145AAF8E-C1E2-4B93-A108-12AC76F2C85D}.Debug|iPhoneSimulator.Build.0 = Debug|Any CPU
		{145AAF8E-C1E2-4B93-A108-12AC76F2C85D}.Debug|x64.ActiveCfg = Debug|Any CPU
		{145AAF8E-C1E2-4B93-A108-12AC76F2C85D}.Debug|x64.Build.0 = Debug|Any CPU
		{145AAF8E-C1E2-4B93-A108-12AC76F2C85D}.Debug|x86.ActiveCfg = Debug|Any CPU
		{145AAF8E-C1E2-4B93-A108-12AC76F2C85D}.Debug|x86.Build.0 = Debug|Any CPU
		{145AAF8E-C1E2-4B93-A108-12AC76F2C85D}.Release|Any CPU.ActiveCfg = Release|Any CPU
		{145AAF8E-C1E2-4B93-A108-12AC76F2C85D}.Release|Any CPU.Build.0 = Release|Any CPU
		{145AAF8E-C1E2-4B93-A108-12AC76F2C85D}.Release|ARM.ActiveCfg = Release|Any CPU
		{145AAF8E-C1E2-4B93-A108-12AC76F2C85D}.Release|ARM.Build.0 = Release|Any CPU
		{145AAF8E-C1E2-4B93-A108-12AC76F2C85D}.Release|iPhone.ActiveCfg = Release|Any CPU
		{145AAF8E-C1E2-4B93-A108-12AC76F2C85D}.Release|iPhone.Build.0 = Release|Any CPU
		{145AAF8E-C1E2-4B93-A108-12AC76F2C85D}.Release|iPhoneSimulator.ActiveCfg = Release|Any CPU
		{145AAF8E-C1E2-4B93-A108-12AC76F2C85D}.Release|iPhoneSimulator.Build.0 = Release|Any CPU
		{145AAF8E-C1E2-4B93-A108-12AC76F2C85D}.Release|x64.ActiveCfg = Release|Any CPU
		{145AAF8E-C1E2-4B93-A108-12AC76F2C85D}.Release|x64.Build.0 = Release|Any CPU
		{145AAF8E-C1E2-4B93-A108-12AC76F2C85D}.Release|x86.ActiveCfg = Release|Any CPU
		{145AAF8E-C1E2-4B93-A108-12AC76F2C85D}.Release|x86.Build.0 = Release|Any CPU
		{145AAF8E-C1E2-4B93-A108-12AC76F2C85D}.Staging|Any CPU.ActiveCfg = Staging|Any CPU
		{145AAF8E-C1E2-4B93-A108-12AC76F2C85D}.Staging|Any CPU.Build.0 = Staging|Any CPU
		{145AAF8E-C1E2-4B93-A108-12AC76F2C85D}.Staging|ARM.ActiveCfg = Staging|Any CPU
		{145AAF8E-C1E2-4B93-A108-12AC76F2C85D}.Staging|ARM.Build.0 = Staging|Any CPU
		{145AAF8E-C1E2-4B93-A108-12AC76F2C85D}.Staging|iPhone.ActiveCfg = Staging|Any CPU
		{145AAF8E-C1E2-4B93-A108-12AC76F2C85D}.Staging|iPhone.Build.0 = Staging|Any CPU
		{145AAF8E-C1E2-4B93-A108-12AC76F2C85D}.Staging|iPhoneSimulator.ActiveCfg = Staging|Any CPU
		{145AAF8E-C1E2-4B93-A108-12AC76F2C85D}.Staging|iPhoneSimulator.Build.0 = Staging|Any CPU
		{145AAF8E-C1E2-4B93-A108-12AC76F2C85D}.Staging|x64.ActiveCfg = Staging|Any CPU
		{145AAF8E-C1E2-4B93-A108-12AC76F2C85D}.Staging|x64.Build.0 = Staging|Any CPU
		{145AAF8E-C1E2-4B93-A108-12AC76F2C85D}.Staging|x86.ActiveCfg = Staging|Any CPU
		{145AAF8E-C1E2-4B93-A108-12AC76F2C85D}.Staging|x86.Build.0 = Staging|Any CPU
		{B0286649-3598-437E-8A57-80ACEFF80AD1}.Debug|Any CPU.ActiveCfg = Debug|Any CPU
		{B0286649-3598-437E-8A57-80ACEFF80AD1}.Debug|Any CPU.Build.0 = Debug|Any CPU
		{B0286649-3598-437E-8A57-80ACEFF80AD1}.Debug|ARM.ActiveCfg = Debug|Any CPU
		{B0286649-3598-437E-8A57-80ACEFF80AD1}.Debug|ARM.Build.0 = Debug|Any CPU
		{B0286649-3598-437E-8A57-80ACEFF80AD1}.Debug|iPhone.ActiveCfg = Debug|Any CPU
		{B0286649-3598-437E-8A57-80ACEFF80AD1}.Debug|iPhone.Build.0 = Debug|Any CPU
		{B0286649-3598-437E-8A57-80ACEFF80AD1}.Debug|iPhoneSimulator.ActiveCfg = Debug|Any CPU
		{B0286649-3598-437E-8A57-80ACEFF80AD1}.Debug|iPhoneSimulator.Build.0 = Debug|Any CPU
		{B0286649-3598-437E-8A57-80ACEFF80AD1}.Debug|x64.ActiveCfg = Debug|Any CPU
		{B0286649-3598-437E-8A57-80ACEFF80AD1}.Debug|x64.Build.0 = Debug|Any CPU
		{B0286649-3598-437E-8A57-80ACEFF80AD1}.Debug|x86.ActiveCfg = Debug|Any CPU
		{B0286649-3598-437E-8A57-80ACEFF80AD1}.Debug|x86.Build.0 = Debug|Any CPU
		{B0286649-3598-437E-8A57-80ACEFF80AD1}.Release|Any CPU.ActiveCfg = Release|Any CPU
		{B0286649-3598-437E-8A57-80ACEFF80AD1}.Release|Any CPU.Build.0 = Release|Any CPU
		{B0286649-3598-437E-8A57-80ACEFF80AD1}.Release|ARM.ActiveCfg = Release|Any CPU
		{B0286649-3598-437E-8A57-80ACEFF80AD1}.Release|ARM.Build.0 = Release|Any CPU
		{B0286649-3598-437E-8A57-80ACEFF80AD1}.Release|iPhone.ActiveCfg = Release|Any CPU
		{B0286649-3598-437E-8A57-80ACEFF80AD1}.Release|iPhone.Build.0 = Release|Any CPU
		{B0286649-3598-437E-8A57-80ACEFF80AD1}.Release|iPhoneSimulator.ActiveCfg = Release|Any CPU
		{B0286649-3598-437E-8A57-80ACEFF80AD1}.Release|iPhoneSimulator.Build.0 = Release|Any CPU
		{B0286649-3598-437E-8A57-80ACEFF80AD1}.Release|x64.ActiveCfg = Release|Any CPU
		{B0286649-3598-437E-8A57-80ACEFF80AD1}.Release|x64.Build.0 = Release|Any CPU
		{B0286649-3598-437E-8A57-80ACEFF80AD1}.Release|x86.ActiveCfg = Release|Any CPU
		{B0286649-3598-437E-8A57-80ACEFF80AD1}.Release|x86.Build.0 = Release|Any CPU
		{B0286649-3598-437E-8A57-80ACEFF80AD1}.Staging|Any CPU.ActiveCfg = Debug|Any CPU
		{B0286649-3598-437E-8A57-80ACEFF80AD1}.Staging|Any CPU.Build.0 = Debug|Any CPU
		{B0286649-3598-437E-8A57-80ACEFF80AD1}.Staging|ARM.ActiveCfg = Debug|Any CPU
		{B0286649-3598-437E-8A57-80ACEFF80AD1}.Staging|ARM.Build.0 = Debug|Any CPU
		{B0286649-3598-437E-8A57-80ACEFF80AD1}.Staging|iPhone.ActiveCfg = Debug|Any CPU
		{B0286649-3598-437E-8A57-80ACEFF80AD1}.Staging|iPhone.Build.0 = Debug|Any CPU
		{B0286649-3598-437E-8A57-80ACEFF80AD1}.Staging|iPhoneSimulator.ActiveCfg = Debug|Any CPU
		{B0286649-3598-437E-8A57-80ACEFF80AD1}.Staging|iPhoneSimulator.Build.0 = Debug|Any CPU
		{B0286649-3598-437E-8A57-80ACEFF80AD1}.Staging|x64.ActiveCfg = Debug|Any CPU
		{B0286649-3598-437E-8A57-80ACEFF80AD1}.Staging|x64.Build.0 = Debug|Any CPU
		{B0286649-3598-437E-8A57-80ACEFF80AD1}.Staging|x86.ActiveCfg = Debug|Any CPU
		{B0286649-3598-437E-8A57-80ACEFF80AD1}.Staging|x86.Build.0 = Debug|Any CPU
	EndGlobalSection
	GlobalSection(SolutionProperties) = preSolution
		HideSolutionNode = FALSE
	EndGlobalSection
	GlobalSection(NestedProjects) = preSolution
		{145AAF8E-C1E2-4B93-A108-12AC76F2C85D} = {EB8FEAD7-C678-495F-8271-232ED3C9E1CE}
	EndGlobalSection
	GlobalSection(ExtensibilityGlobals) = postSolution
		SolutionGuid = {34BB6F0A-157C-40F6-B18C-4E7FC9210253}
	EndGlobalSection
EndGlobal
